
Microsoft Visual Studio Solution File, Format Version 12.00
# Visual Studio Version 17
VisualStudioVersion = 17.3.32922.545
MinimumVisualStudioVersion = 10.0.40219.1
Project("{FAE04EC0-301F-11D3-BF4B-00C04F79EFBC}") = "EmployeeWageComputation", "EmployeeWageComputation\EmployeeWageComputation.csproj", "{96404D01-B719-4608-9663-FF72C6B21486}"
EndProject
Global
	GlobalSection(SolutionConfigurationPlatforms) = preSolution
		Debug|Any CPU = Debug|Any CPU
		Release|Any CPU = Release|Any CPU
	EndGlobalSection
	GlobalSection(ProjectConfigurationPlatforms) = postSolution
		{96404D01-B719-4608-9663-FF72C6B21486}.Debug|Any CPU.ActiveCfg = Debug|Any CPU
		{96404D01-B719-4608-9663-FF72C6B21486}.Debug|Any CPU.Build.0 = Debug|Any CPU
		{96404D01-B719-4608-9663-FF72C6B21486}.Release|Any CPU.ActiveCfg = Release|Any CPU
		{96404D01-B719-4608-9663-FF72C6B21486}.Release|Any CPU.Build.0 = Release|Any CPU
	EndGlobalSection
	GlobalSection(SolutionProperties) = preSolution
		HideSolutionNode = FALSE
	EndGlobalSection
	GlobalSection(ExtensibilityGlobals) = postSolution
		SolutionGuid = {3A139D07-A0F7-46B5-8286-F0BF98727F7E}
	EndGlobalSection
EndGlobal
